// !$*UTF8*$!
{
	archiveVersion = 1;
	classes = {
	};
	objectVersion = 54;
	objects = {

/* Begin PBXBuildFile section */
		05ECD0A922234B2B84CB00CE /* PlusJakartaSans-Italic.ttf in Resources */ = {isa = PBXBuildFile; fileRef = 0568E658B68B4F6A87A8D1C2 /* PlusJakartaSans-Italic.ttf */; };
		0C80B921A6F3F58F76C31292 /* libPods-VardaDienas.a in Frameworks */ = {isa = PBXBuildFile; fileRef = 5DCACB8F33CDC322A6C60F78 /* libPods-VardaDienas.a */; };
		13B07FBF1A68108700A75B9A /* Images.xcassets in Resources */ = {isa = PBXBuildFile; fileRef = 13B07FB51A68108700A75B9A /* Images.xcassets */; };
		2DD404AAF6A845749AFBB143 /* PlusJakartaSans-Medium.ttf in Resources */ = {isa = PBXBuildFile; fileRef = 828046AF68684C27B477DF34 /* PlusJakartaSans-Medium.ttf */; };
		3960C7A3CCD74AEAB0225F2F /* PlusJakartaSans-MediumItalic.ttf in Resources */ = {isa = PBXBuildFile; fileRef = 2D8EE27CA17B4DA59BDBE2D2 /* PlusJakartaSans-MediumItalic.ttf */; };
		5AA2533D8E9F4D019918C4B4 /* Colors.xcassets in Resources */ = {isa = PBXBuildFile; fileRef = 9FE913524F4C4C80B10CB5BA /* Colors.xcassets */; };
		678BEF9D68714578A0A525B3 /* PlusJakartaSans-Bold.ttf in Resources */ = {isa = PBXBuildFile; fileRef = BE8B98943CD843F189ADF8C7 /* PlusJakartaSans-Bold.ttf */; };
		6C5FF5F3CAD747AB9D7CC8D9 /* PlusJakartaSans-SemiBold.ttf in Resources */ = {isa = PBXBuildFile; fileRef = A49A7ED32DAA4791A983A1FE /* PlusJakartaSans-SemiBold.ttf */; };
		72707288657E44759D54B8F1 /* PlusJakartaSans-BoldItalic.ttf in Resources */ = {isa = PBXBuildFile; fileRef = B7C6FEDC08AA4605B8EB54F9 /* PlusJakartaSans-BoldItalic.ttf */; };
		755712E28C3642548AED97BA /* PlusJakartaSans-Light.ttf in Resources */ = {isa = PBXBuildFile; fileRef = 217D00B500B04BFD9FDE8964 /* PlusJakartaSans-Light.ttf */; };
		761780ED2CA45674006654EE /* AppDelegate.swift in Sources */ = {isa = PBXBuildFile; fileRef = 761780EC2CA45674006654EE /* AppDelegate.swift */; };
		76A184B22DFE111400532B5B /* PlusJakartaSans-SemiBold.ttf in Resources */ = {isa = PBXBuildFile; fileRef = 76A184A12DFE111400532B5B /* PlusJakartaSans-SemiBold.ttf */; };
		76A184B32DFE111400532B5B /* PlusJakartaSans-MediumItalic.ttf in Resources */ = {isa = PBXBuildFile; fileRef = 76A1849F2DFE111400532B5B /* PlusJakartaSans-MediumItalic.ttf */; };
		76A184B42DFE111400532B5B /* PlusJakartaSans-ExtraLightItalic.ttf in Resources */ = {isa = PBXBuildFile; fileRef = 76A1849A2DFE111400532B5B /* PlusJakartaSans-ExtraLightItalic.ttf */; };
		76A184B52DFE111400532B5B /* PlusJakartaSans-Light.ttf in Resources */ = {isa = PBXBuildFile; fileRef = 76A1849C2DFE111400532B5B /* PlusJakartaSans-Light.ttf */; };
		76A184B62DFE111400532B5B /* PlusJakartaSans-ExtraLight.ttf in Resources */ = {isa = PBXBuildFile; fileRef = 76A184992DFE111400532B5B /* PlusJakartaSans-ExtraLight.ttf */; };
		76A184B72DFE111400532B5B /* PlusJakartaSans-LightItalic.ttf in Resources */ = {isa = PBXBuildFile; fileRef = 76A1849D2DFE111400532B5B /* PlusJakartaSans-LightItalic.ttf */; };
		76A184B82DFE111400532B5B /* PlusJakartaSans-BoldItalic.ttf in Resources */ = {isa = PBXBuildFile; fileRef = 76A184962DFE111400532B5B /* PlusJakartaSans-BoldItalic.ttf */; };
		76A184B92DFE111400532B5B /* PlusJakartaSans-Italic.ttf in Resources */ = {isa = PBXBuildFile; fileRef = 76A1849B2DFE111400532B5B /* PlusJakartaSans-Italic.ttf */; };
		76A184BA2DFE111400532B5B /* PlusJakartaSans-Bold.ttf in Resources */ = {isa = PBXBuildFile; fileRef = 76A184952DFE111400532B5B /* PlusJakartaSans-Bold.ttf */; };
		76A184BB2DFE111400532B5B /* PlusJakartaSans-ExtraBoldItalic.ttf in Resources */ = {isa = PBXBuildFile; fileRef = 76A184982DFE111400532B5B /* PlusJakartaSans-ExtraBoldItalic.ttf */; };
		76A184BC2DFE111400532B5B /* PlusJakartaSans-ExtraBold.ttf in Resources */ = {isa = PBXBuildFile; fileRef = 76A184972DFE111400532B5B /* PlusJakartaSans-ExtraBold.ttf */; };
		76A184BD2DFE111400532B5B /* PlusJakartaSans-SemiBoldItalic.ttf in Resources */ = {isa = PBXBuildFile; fileRef = 76A184A22DFE111400532B5B /* PlusJakartaSans-SemiBoldItalic.ttf */; };
		76A184BE2DFE111400532B5B /* PlusJakartaSans-Medium.ttf in Resources */ = {isa = PBXBuildFile; fileRef = 76A1849E2DFE111400532B5B /* PlusJakartaSans-Medium.ttf */; };
		76A184BF2DFE111400532B5B /* PlusJakartaSans-Regular.ttf in Resources */ = {isa = PBXBuildFile; fileRef = 76A184A02DFE111400532B5B /* PlusJakartaSans-Regular.ttf */; };
		76ABB0732DF5865D00B3C547 /* Images.xcassets in Resources */ = {isa = PBXBuildFile; fileRef = 76ABB0722DF5865D00B3C547 /* Images.xcassets */; };
		76ABB07A2DFDB9FF00B3C547 /* WidgetKit.framework in Frameworks */ = {isa = PBXBuildFile; fileRef = 76ABB0792DFDB9FF00B3C547 /* WidgetKit.framework */; };
		76ABB07C2DFDB9FF00B3C547 /* SwiftUI.framework in Frameworks */ = {isa = PBXBuildFile; fileRef = 76ABB07B2DFDB9FF00B3C547 /* SwiftUI.framework */; };
		76ABB0892DFDBA0200B3C547 /* VardaDienasWidgetExtension.appex in Embed Foundation Extensions */ = {isa = PBXBuildFile; fileRef = 76ABB0782DFDB9FF00B3C547 /* VardaDienasWidgetExtension.appex */; settings = {ATTRIBUTES = (RemoveHeadersOnCopy, ); }; };
		81AB9BB82411601600AC10FF /* LaunchScreen.storyboard in Resources */ = {isa = PBXBuildFile; fileRef = 81AB9BB72411601600AC10FF /* LaunchScreen.storyboard */; };
		881EABF40BA645C9B8E53A5D /* PlusJakartaSans-LightItalic.ttf in Resources */ = {isa = PBXBuildFile; fileRef = 831EB905B66848728AD88E57 /* PlusJakartaSans-LightItalic.ttf */; };
		90DE9B251F3E4B99B1ED5B6A /* PlusJakartaSans-SemiBoldItalic.ttf in Resources */ = {isa = PBXBuildFile; fileRef = BEDB62293CD4466A8DDDD229 /* PlusJakartaSans-SemiBoldItalic.ttf */; };
		9A20253F80DB84AC298693E3 /* PrivacyInfo.xcprivacy in Resources */ = {isa = PBXBuildFile; fileRef = 13B07FB81A68108700A75B9A /* PrivacyInfo.xcprivacy */; };
		A9D178E8EF2040F18114589B /* BootSplash.storyboard in Resources */ = {isa = PBXBuildFile; fileRef = AAA1765BD88F407095C488EB /* BootSplash.storyboard */; };
		BB7DA88682964090A7BC3143 /* PlusJakartaSans-ExtraBold.ttf in Resources */ = {isa = PBXBuildFile; fileRef = 8C59FD91DD60428DA9E503F0 /* PlusJakartaSans-ExtraBold.ttf */; };
		BF9AD7B294B949E0B48B5031 /* PlusJakartaSans-ExtraLight.ttf in Resources */ = {isa = PBXBuildFile; fileRef = 1A670B3D99724695AF75DD72 /* PlusJakartaSans-ExtraLight.ttf */; };
		C9A3F9533CBB43F9971DADA4 /* PlusJakartaSans-Regular.ttf in Resources */ = {isa = PBXBuildFile; fileRef = 464C075C5125465CB224B10E /* PlusJakartaSans-Regular.ttf */; };
		E7E9598B3CA846C3947C82AC /* PlusJakartaSans-ExtraBoldItalic.ttf in Resources */ = {isa = PBXBuildFile; fileRef = 5EA0B03D9F62434F8B73198D /* PlusJakartaSans-ExtraBoldItalic.ttf */; };
		FB3093176CE6452C9497AAEB /* PlusJakartaSans-ExtraLightItalic.ttf in Resources */ = {isa = PBXBuildFile; fileRef = C5461B72072642FF9BF9DDE2 /* PlusJakartaSans-ExtraLightItalic.ttf */; };
/* End PBXBuildFile section */

/* Begin PBXContainerItemProxy section */
		76ABB0872DFDBA0200B3C547 /* PBXContainerItemProxy */ = {
			isa = PBXContainerItemProxy;
			containerPortal = 83CBB9F71A601CBA00E9B192 /* Project object */;
			proxyType = 1;
			remoteGlobalIDString = 76ABB0772DFDB9FF00B3C547;
			remoteInfo = VardaDienasWidgetExtension;
		};
/* End PBXContainerItemProxy section */

/* Begin PBXCopyFilesBuildPhase section */
		76ABB08A2DFDBA0200B3C547 /* Embed Foundation Extensions */ = {
			isa = PBXCopyFilesBuildPhase;
			buildActionMask = 2147483647;
			dstPath = "";
			dstSubfolderSpec = 13;
			files = (
				76ABB0892DFDBA0200B3C547 /* VardaDienasWidgetExtension.appex in Embed Foundation Extensions */,
			);
			name = "Embed Foundation Extensions";
			runOnlyForDeploymentPostprocessing = 0;
		};
/* End PBXCopyFilesBuildPhase section */

/* Begin PBXFileReference section */
		0568E658B68B4F6A87A8D1C2 /* PlusJakartaSans-Italic.ttf */ = {isa = PBXFileReference; explicitFileType = undefined; fileEncoding = 9; includeInIndex = 0; lastKnownFileType = unknown; name = "PlusJakartaSans-Italic.ttf"; path = "../assets/fonts/PlusJakartaSans-Italic.ttf"; sourceTree = "<group>"; };
		13B07F961A680F5B00A75B9A /* VardaDienas.app */ = {isa = PBXFileReference; explicitFileType = wrapper.application; includeInIndex = 0; path = VardaDienas.app; sourceTree = BUILT_PRODUCTS_DIR; };
		13B07FB51A68108700A75B9A /* Images.xcassets */ = {isa = PBXFileReference; lastKnownFileType = folder.assetcatalog; name = Images.xcassets; path = VardaDienas/Images.xcassets; sourceTree = "<group>"; };
		13B07FB61A68108700A75B9A /* Info.plist */ = {isa = PBXFileReference; fileEncoding = 4; lastKnownFileType = text.plist.xml; name = Info.plist; path = VardaDienas/Info.plist; sourceTree = "<group>"; };
		13B07FB81A68108700A75B9A /* PrivacyInfo.xcprivacy */ = {isa = PBXFileReference; fileEncoding = 4; lastKnownFileType = text.plist.xml; name = PrivacyInfo.xcprivacy; path = VardaDienas/PrivacyInfo.xcprivacy; sourceTree = "<group>"; };
		1A670B3D99724695AF75DD72 /* PlusJakartaSans-ExtraLight.ttf */ = {isa = PBXFileReference; explicitFileType = undefined; fileEncoding = 9; includeInIndex = 0; lastKnownFileType = unknown; name = "PlusJakartaSans-ExtraLight.ttf"; path = "../assets/fonts/PlusJakartaSans-ExtraLight.ttf"; sourceTree = "<group>"; };
		217D00B500B04BFD9FDE8964 /* PlusJakartaSans-Light.ttf */ = {isa = PBXFileReference; explicitFileType = undefined; fileEncoding = 9; includeInIndex = 0; lastKnownFileType = unknown; name = "PlusJakartaSans-Light.ttf"; path = "../assets/fonts/PlusJakartaSans-Light.ttf"; sourceTree = "<group>"; };
		2D8EE27CA17B4DA59BDBE2D2 /* PlusJakartaSans-MediumItalic.ttf */ = {isa = PBXFileReference; explicitFileType = undefined; fileEncoding = 9; includeInIndex = 0; lastKnownFileType = unknown; name = "PlusJakartaSans-MediumItalic.ttf"; path = "../assets/fonts/PlusJakartaSans-MediumItalic.ttf"; sourceTree = "<group>"; };
		3B4392A12AC88292D35C810B /* Pods-VardaDienas.debug.xcconfig */ = {isa = PBXFileReference; includeInIndex = 1; lastKnownFileType = text.xcconfig; name = "Pods-VardaDienas.debug.xcconfig"; path = "Target Support Files/Pods-VardaDienas/Pods-VardaDienas.debug.xcconfig"; sourceTree = "<group>"; };
		464C075C5125465CB224B10E /* PlusJakartaSans-Regular.ttf */ = {isa = PBXFileReference; explicitFileType = undefined; fileEncoding = 9; includeInIndex = 0; lastKnownFileType = unknown; name = "PlusJakartaSans-Regular.ttf"; path = "../assets/fonts/PlusJakartaSans-Regular.ttf"; sourceTree = "<group>"; };
		5709B34CF0A7D63546082F79 /* Pods-VardaDienas.release.xcconfig */ = {isa = PBXFileReference; includeInIndex = 1; lastKnownFileType = text.xcconfig; name = "Pods-VardaDienas.release.xcconfig"; path = "Target Support Files/Pods-VardaDienas/Pods-VardaDienas.release.xcconfig"; sourceTree = "<group>"; };
		5DCACB8F33CDC322A6C60F78 /* libPods-VardaDienas.a */ = {isa = PBXFileReference; explicitFileType = archive.ar; includeInIndex = 0; path = "libPods-VardaDienas.a"; sourceTree = BUILT_PRODUCTS_DIR; };
		5EA0B03D9F62434F8B73198D /* PlusJakartaSans-ExtraBoldItalic.ttf */ = {isa = PBXFileReference; explicitFileType = undefined; fileEncoding = 9; includeInIndex = 0; lastKnownFileType = unknown; name = "PlusJakartaSans-ExtraBoldItalic.ttf"; path = "../assets/fonts/PlusJakartaSans-ExtraBoldItalic.ttf"; sourceTree = "<group>"; };
		761780EC2CA45674006654EE /* AppDelegate.swift */ = {isa = PBXFileReference; lastKnownFileType = sourcecode.swift; name = AppDelegate.swift; path = VardaDienas/AppDelegate.swift; sourceTree = "<group>"; };
		76A184952DFE111400532B5B /* PlusJakartaSans-Bold.ttf */ = {isa = PBXFileReference; lastKnownFileType = file; path = "PlusJakartaSans-Bold.ttf"; sourceTree = "<group>"; };
		76A184962DFE111400532B5B /* PlusJakartaSans-BoldItalic.ttf */ = {isa = PBXFileReference; lastKnownFileType = file; path = "PlusJakartaSans-BoldItalic.ttf"; sourceTree = "<group>"; };
		76A184972DFE111400532B5B /* PlusJakartaSans-ExtraBold.ttf */ = {isa = PBXFileReference; lastKnownFileType = file; path = "PlusJakartaSans-ExtraBold.ttf"; sourceTree = "<group>"; };
		76A184982DFE111400532B5B /* PlusJakartaSans-ExtraBoldItalic.ttf */ = {isa = PBXFileReference; lastKnownFileType = file; path = "PlusJakartaSans-ExtraBoldItalic.ttf"; sourceTree = "<group>"; };
		76A184992DFE111400532B5B /* PlusJakartaSans-ExtraLight.ttf */ = {isa = PBXFileReference; lastKnownFileType = file; path = "PlusJakartaSans-ExtraLight.ttf"; sourceTree = "<group>"; };
		76A1849A2DFE111400532B5B /* PlusJakartaSans-ExtraLightItalic.ttf */ = {isa = PBXFileReference; lastKnownFileType = file; path = "PlusJakartaSans-ExtraLightItalic.ttf"; sourceTree = "<group>"; };
		76A1849B2DFE111400532B5B /* PlusJakartaSans-Italic.ttf */ = {isa = PBXFileReference; lastKnownFileType = file; path = "PlusJakartaSans-Italic.ttf"; sourceTree = "<group>"; };
		76A1849C2DFE111400532B5B /* PlusJakartaSans-Light.ttf */ = {isa = PBXFileReference; lastKnownFileType = file; path = "PlusJakartaSans-Light.ttf"; sourceTree = "<group>"; };
		76A1849D2DFE111400532B5B /* PlusJakartaSans-LightItalic.ttf */ = {isa = PBXFileReference; lastKnownFileType = file; path = "PlusJakartaSans-LightItalic.ttf"; sourceTree = "<group>"; };
		76A1849E2DFE111400532B5B /* PlusJakartaSans-Medium.ttf */ = {isa = PBXFileReference; lastKnownFileType = file; path = "PlusJakartaSans-Medium.ttf"; sourceTree = "<group>"; };
		76A1849F2DFE111400532B5B /* PlusJakartaSans-MediumItalic.ttf */ = {isa = PBXFileReference; lastKnownFileType = file; path = "PlusJakartaSans-MediumItalic.ttf"; sourceTree = "<group>"; };
		76A184A02DFE111400532B5B /* PlusJakartaSans-Regular.ttf */ = {isa = PBXFileReference; lastKnownFileType = file; path = "PlusJakartaSans-Regular.ttf"; sourceTree = "<group>"; };
		76A184A12DFE111400532B5B /* PlusJakartaSans-SemiBold.ttf */ = {isa = PBXFileReference; lastKnownFileType = file; path = "PlusJakartaSans-SemiBold.ttf"; sourceTree = "<group>"; };
		76A184A22DFE111400532B5B /* PlusJakartaSans-SemiBoldItalic.ttf */ = {isa = PBXFileReference; lastKnownFileType = file; path = "PlusJakartaSans-SemiBoldItalic.ttf"; sourceTree = "<group>"; };
		76ABB0722DF5865D00B3C547 /* Images.xcassets */ = {isa = PBXFileReference; lastKnownFileType = folder.assetcatalog; path = Images.xcassets; sourceTree = "<group>"; };
		76ABB0782DFDB9FF00B3C547 /* VardaDienasWidgetExtension.appex */ = {isa = PBXFileReference; explicitFileType = "wrapper.app-extension"; includeInIndex = 0; path = VardaDienasWidgetExtension.appex; sourceTree = BUILT_PRODUCTS_DIR; };
		76ABB0792DFDB9FF00B3C547 /* WidgetKit.framework */ = {isa = PBXFileReference; lastKnownFileType = wrapper.framework; name = WidgetKit.framework; path = System/Library/Frameworks/WidgetKit.framework; sourceTree = SDKROOT; };
		76ABB07B2DFDB9FF00B3C547 /* SwiftUI.framework */ = {isa = PBXFileReference; lastKnownFileType = wrapper.framework; name = SwiftUI.framework; path = System/Library/Frameworks/SwiftUI.framework; sourceTree = SDKROOT; };
		81AB9BB72411601600AC10FF /* LaunchScreen.storyboard */ = {isa = PBXFileReference; fileEncoding = 4; lastKnownFileType = file.storyboard; name = LaunchScreen.storyboard; path = VardaDienas/LaunchScreen.storyboard; sourceTree = "<group>"; };
		828046AF68684C27B477DF34 /* PlusJakartaSans-Medium.ttf */ = {isa = PBXFileReference; explicitFileType = undefined; fileEncoding = 9; includeInIndex = 0; lastKnownFileType = unknown; name = "PlusJakartaSans-Medium.ttf"; path = "../assets/fonts/PlusJakartaSans-Medium.ttf"; sourceTree = "<group>"; };
		831EB905B66848728AD88E57 /* PlusJakartaSans-LightItalic.ttf */ = {isa = PBXFileReference; explicitFileType = undefined; fileEncoding = 9; includeInIndex = 0; lastKnownFileType = unknown; name = "PlusJakartaSans-LightItalic.ttf"; path = "../assets/fonts/PlusJakartaSans-LightItalic.ttf"; sourceTree = "<group>"; };
		8C59FD91DD60428DA9E503F0 /* PlusJakartaSans-ExtraBold.ttf */ = {isa = PBXFileReference; explicitFileType = undefined; fileEncoding = 9; includeInIndex = 0; lastKnownFileType = unknown; name = "PlusJakartaSans-ExtraBold.ttf"; path = "../assets/fonts/PlusJakartaSans-ExtraBold.ttf"; sourceTree = "<group>"; };
		9FE913524F4C4C80B10CB5BA /* Colors.xcassets */ = {isa = PBXFileReference; explicitFileType = undefined; fileEncoding = 9; includeInIndex = 0; lastKnownFileType = folder.assetcatalog; name = Colors.xcassets; path = VardaDienas/Colors.xcassets; sourceTree = "<group>"; };
		A49A7ED32DAA4791A983A1FE /* PlusJakartaSans-SemiBold.ttf */ = {isa = PBXFileReference; explicitFileType = undefined; fileEncoding = 9; includeInIndex = 0; lastKnownFileType = unknown; name = "PlusJakartaSans-SemiBold.ttf"; path = "../assets/fonts/PlusJakartaSans-SemiBold.ttf"; sourceTree = "<group>"; };
		AAA1765BD88F407095C488EB /* BootSplash.storyboard */ = {isa = PBXFileReference; explicitFileType = undefined; fileEncoding = 9; includeInIndex = 0; lastKnownFileType = unknown; name = BootSplash.storyboard; path = VardaDienas/BootSplash.storyboard; sourceTree = "<group>"; };
		B7C6FEDC08AA4605B8EB54F9 /* PlusJakartaSans-BoldItalic.ttf */ = {isa = PBXFileReference; explicitFileType = undefined; fileEncoding = 9; includeInIndex = 0; lastKnownFileType = unknown; name = "PlusJakartaSans-BoldItalic.ttf"; path = "../assets/fonts/PlusJakartaSans-BoldItalic.ttf"; sourceTree = "<group>"; };
		BE8B98943CD843F189ADF8C7 /* PlusJakartaSans-Bold.ttf */ = {isa = PBXFileReference; explicitFileType = undefined; fileEncoding = 9; includeInIndex = 0; lastKnownFileType = unknown; name = "PlusJakartaSans-Bold.ttf"; path = "../assets/fonts/PlusJakartaSans-Bold.ttf"; sourceTree = "<group>"; };
		BEDB62293CD4466A8DDDD229 /* PlusJakartaSans-SemiBoldItalic.ttf */ = {isa = PBXFileReference; explicitFileType = undefined; fileEncoding = 9; includeInIndex = 0; lastKnownFileType = unknown; name = "PlusJakartaSans-SemiBoldItalic.ttf"; path = "../assets/fonts/PlusJakartaSans-SemiBoldItalic.ttf"; sourceTree = "<group>"; };
		C5461B72072642FF9BF9DDE2 /* PlusJakartaSans-ExtraLightItalic.ttf */ = {isa = PBXFileReference; explicitFileType = undefined; fileEncoding = 9; includeInIndex = 0; lastKnownFileType = unknown; name = "PlusJakartaSans-ExtraLightItalic.ttf"; path = "../assets/fonts/PlusJakartaSans-ExtraLightItalic.ttf"; sourceTree = "<group>"; };
		ED297162215061F000B7C4FE /* JavaScriptCore.framework */ = {isa = PBXFileReference; lastKnownFileType = wrapper.framework; name = JavaScriptCore.framework; path = System/Library/Frameworks/JavaScriptCore.framework; sourceTree = SDKROOT; };
/* End PBXFileReference section */

/* Begin PBXFileSystemSynchronizedBuildFileExceptionSet section */
		76ABB08D2DFDBA0200B3C547 /* Exceptions for "VardaDienasWidget" folder in "VardaDienasWidgetExtension" target */ = {
			isa = PBXFileSystemSynchronizedBuildFileExceptionSet;
			membershipExceptions = (
				Info.plist,
			);
			target = 76ABB0772DFDB9FF00B3C547 /* VardaDienasWidgetExtension */;
		};
		76ABB0922DFDBD0C00B3C547 /* Exceptions for "VardaDienasWidget" folder in "VardaDienas" target */ = {
			isa = PBXFileSystemSynchronizedBuildFileExceptionSet;
			membershipExceptions = (
				"vardūs.json",
			);
			target = 13B07F861A680F5B00A75B9A /* VardaDienas */;
		};
/* End PBXFileSystemSynchronizedBuildFileExceptionSet section */

/* Begin PBXFileSystemSynchronizedRootGroup section */
		76ABB07D2DFDB9FF00B3C547 /* VardaDienasWidget */ = {
			isa = PBXFileSystemSynchronizedRootGroup;
			exceptions = (
				76ABB0922DFDBD0C00B3C547 /* Exceptions for "VardaDienasWidget" folder in "VardaDienas" target */,
				76ABB08D2DFDBA0200B3C547 /* Exceptions for "VardaDienasWidget" folder in "VardaDienasWidgetExtension" target */,
			);
			explicitFileTypes = {
			};
			explicitFolders = (
			);
			path = VardaDienasWidget;
			sourceTree = "<group>";
		};
/* End PBXFileSystemSynchronizedRootGroup section */

/* Begin PBXFrameworksBuildPhase section */
		13B07F8C1A680F5B00A75B9A /* Frameworks */ = {
			isa = PBXFrameworksBuildPhase;
			buildActionMask = 2147483647;
			files = (
				0C80B921A6F3F58F76C31292 /* libPods-VardaDienas.a in Frameworks */,
			);
			runOnlyForDeploymentPostprocessing = 0;
		};
		76ABB0752DFDB9FF00B3C547 /* Frameworks */ = {
			isa = PBXFrameworksBuildPhase;
			buildActionMask = 2147483647;
			files = (
				76ABB07C2DFDB9FF00B3C547 /* SwiftUI.framework in Frameworks */,
				76ABB07A2DFDB9FF00B3C547 /* WidgetKit.framework in Frameworks */,
			);
			runOnlyForDeploymentPostprocessing = 0;
		};
/* End PBXFrameworksBuildPhase section */

/* Begin PBXGroup section */
		13B07FAE1A68108700A75B9A /* VardaDienas */ = {
			isa = PBXGroup;
			children = (
				13B07FB51A68108700A75B9A /* Images.xcassets */,
				761780EC2CA45674006654EE /* AppDelegate.swift */,
				13B07FB61A68108700A75B9A /* Info.plist */,
				81AB9BB72411601600AC10FF /* LaunchScreen.storyboard */,
				13B07FB81A68108700A75B9A /* PrivacyInfo.xcprivacy */,
				AAA1765BD88F407095C488EB /* BootSplash.storyboard */,
				9FE913524F4C4C80B10CB5BA /* Colors.xcassets */,
			);
			name = VardaDienas;
			sourceTree = "<group>";
		};
		262EB8DFE33B4FAB9F934272 /* Resources */ = {
			isa = PBXGroup;
			children = (
				BE8B98943CD843F189ADF8C7 /* PlusJakartaSans-Bold.ttf */,
				B7C6FEDC08AA4605B8EB54F9 /* PlusJakartaSans-BoldItalic.ttf */,
				8C59FD91DD60428DA9E503F0 /* PlusJakartaSans-ExtraBold.ttf */,
				5EA0B03D9F62434F8B73198D /* PlusJakartaSans-ExtraBoldItalic.ttf */,
				1A670B3D99724695AF75DD72 /* PlusJakartaSans-ExtraLight.ttf */,
				C5461B72072642FF9BF9DDE2 /* PlusJakartaSans-ExtraLightItalic.ttf */,
				0568E658B68B4F6A87A8D1C2 /* PlusJakartaSans-Italic.ttf */,
				217D00B500B04BFD9FDE8964 /* PlusJakartaSans-Light.ttf */,
				831EB905B66848728AD88E57 /* PlusJakartaSans-LightItalic.ttf */,
				828046AF68684C27B477DF34 /* PlusJakartaSans-Medium.ttf */,
				2D8EE27CA17B4DA59BDBE2D2 /* PlusJakartaSans-MediumItalic.ttf */,
				464C075C5125465CB224B10E /* PlusJakartaSans-Regular.ttf */,
				A49A7ED32DAA4791A983A1FE /* PlusJakartaSans-SemiBold.ttf */,
				BEDB62293CD4466A8DDDD229 /* PlusJakartaSans-SemiBoldItalic.ttf */,
			);
			name = Resources;
			sourceTree = "<group>";
		};
		2D16E6871FA4F8E400B85C8A /* Frameworks */ = {
			isa = PBXGroup;
			children = (
				ED297162215061F000B7C4FE /* JavaScriptCore.framework */,
				5DCACB8F33CDC322A6C60F78 /* libPods-VardaDienas.a */,
				76ABB0792DFDB9FF00B3C547 /* WidgetKit.framework */,
				76ABB07B2DFDB9FF00B3C547 /* SwiftUI.framework */,
			);
			name = Frameworks;
			sourceTree = "<group>";
		};
		76A184A32DFE111400532B5B /* fonts */ = {
			isa = PBXGroup;
			children = (
				76A184952DFE111400532B5B /* PlusJakartaSans-Bold.ttf */,
				76A184962DFE111400532B5B /* PlusJakartaSans-BoldItalic.ttf */,
				76A184972DFE111400532B5B /* PlusJakartaSans-ExtraBold.ttf */,
				76A184982DFE111400532B5B /* PlusJakartaSans-ExtraBoldItalic.ttf */,
				76A184992DFE111400532B5B /* PlusJakartaSans-ExtraLight.ttf */,
				76A1849A2DFE111400532B5B /* PlusJakartaSans-ExtraLightItalic.ttf */,
				76A1849B2DFE111400532B5B /* PlusJakartaSans-Italic.ttf */,
				76A1849C2DFE111400532B5B /* PlusJakartaSans-Light.ttf */,
				76A1849D2DFE111400532B5B /* PlusJakartaSans-LightItalic.ttf */,
				76A1849E2DFE111400532B5B /* PlusJakartaSans-Medium.ttf */,
				76A1849F2DFE111400532B5B /* PlusJakartaSans-MediumItalic.ttf */,
				76A184A02DFE111400532B5B /* PlusJakartaSans-Regular.ttf */,
				76A184A12DFE111400532B5B /* PlusJakartaSans-SemiBold.ttf */,
				76A184A22DFE111400532B5B /* PlusJakartaSans-SemiBoldItalic.ttf */,
			);
			path = fonts;
			sourceTree = "<group>";
		};
		832341AE1AAA6A7D00B99B32 /* Libraries */ = {
			isa = PBXGroup;
			children = (
			);
			name = Libraries;
			sourceTree = "<group>";
		};
		83CBB9F61A601CBA00E9B192 = {
			isa = PBXGroup;
			children = (
				76A184A32DFE111400532B5B /* fonts */,
				76ABB0722DF5865D00B3C547 /* Images.xcassets */,
				13B07FAE1A68108700A75B9A /* VardaDienas */,
				832341AE1AAA6A7D00B99B32 /* Libraries */,
				76ABB07D2DFDB9FF00B3C547 /* VardaDienasWidget */,
				83CBBA001A601CBA00E9B192 /* Products */,
				2D16E6871FA4F8E400B85C8A /* Frameworks */,
				BBD78D7AC51CEA395F1C20DB /* Pods */,
				262EB8DFE33B4FAB9F934272 /* Resources */,
			);
			indentWidth = 2;
			sourceTree = "<group>";
			tabWidth = 2;
			usesTabs = 0;
		};
		83CBBA001A601CBA00E9B192 /* Products */ = {
			isa = PBXGroup;
			children = (
				13B07F961A680F5B00A75B9A /* VardaDienas.app */,
				76ABB0782DFDB9FF00B3C547 /* VardaDienasWidgetExtension.appex */,
			);
			name = Products;
			sourceTree = "<group>";
		};
		BBD78D7AC51CEA395F1C20DB /* Pods */ = {
			isa = PBXGroup;
			children = (
				3B4392A12AC88292D35C810B /* Pods-VardaDienas.debug.xcconfig */,
				5709B34CF0A7D63546082F79 /* Pods-VardaDienas.release.xcconfig */,
			);
			path = Pods;
			sourceTree = "<group>";
		};
/* End PBXGroup section */

/* Begin PBXNativeTarget section */
		13B07F861A680F5B00A75B9A /* VardaDienas */ = {
			isa = PBXNativeTarget;
			buildConfigurationList = 13B07F931A680F5B00A75B9A /* Build configuration list for PBXNativeTarget "VardaDienas" */;
			buildPhases = (
				C38B50BA6285516D6DCD4F65 /* [CP] Check Pods Manifest.lock */,
				13B07F871A680F5B00A75B9A /* Sources */,
				13B07F8C1A680F5B00A75B9A /* Frameworks */,
				13B07F8E1A680F5B00A75B9A /* Resources */,
				00DD1BFF1BD5951E006B06BC /* Bundle React Native code and images */,
				00EEFC60759A1932668264C0 /* [CP] Embed Pods Frameworks */,
				E235C05ADACE081382539298 /* [CP] Copy Pods Resources */,
				76ABB08A2DFDBA0200B3C547 /* Embed Foundation Extensions */,
				2C143E6FB43E49A183EC7653 /* Upload Debug Symbols to Sentry */,
			);
			buildRules = (
			);
			dependencies = (
				76ABB0882DFDBA0200B3C547 /* PBXTargetDependency */,
			);
			name = VardaDienas;
			productName = VardaDienas;
			productReference = 13B07F961A680F5B00A75B9A /* VardaDienas.app */;
			productType = "com.apple.product-type.application";
		};
		76ABB0772DFDB9FF00B3C547 /* VardaDienasWidgetExtension */ = {
			isa = PBXNativeTarget;
			buildConfigurationList = 76ABB08E2DFDBA0200B3C547 /* Build configuration list for PBXNativeTarget "VardaDienasWidgetExtension" */;
			buildPhases = (
				76ABB0742DFDB9FF00B3C547 /* Sources */,
				76ABB0752DFDB9FF00B3C547 /* Frameworks */,
				76ABB0762DFDB9FF00B3C547 /* Resources */,
			);
			buildRules = (
			);
			dependencies = (
			);
			fileSystemSynchronizedGroups = (
				76ABB07D2DFDB9FF00B3C547 /* VardaDienasWidget */,
			);
			name = VardaDienasWidgetExtension;
			productName = VardaDienasWidgetExtension;
			productReference = 76ABB0782DFDB9FF00B3C547 /* VardaDienasWidgetExtension.appex */;
			productType = "com.apple.product-type.app-extension";
		};
/* End PBXNativeTarget section */

/* Begin PBXProject section */
		83CBB9F71A601CBA00E9B192 /* Project object */ = {
			isa = PBXProject;
			attributes = {
				LastSwiftUpdateCheck = 1610;
				LastUpgradeCheck = 1210;
				TargetAttributes = {
					13B07F861A680F5B00A75B9A = {
						LastSwiftMigration = 1120;
					};
					76ABB0772DFDB9FF00B3C547 = {
						CreatedOnToolsVersion = 16.1;
					};
				};
			};
			buildConfigurationList = 83CBB9FA1A601CBA00E9B192 /* Build configuration list for PBXProject "VardaDienas" */;
			compatibilityVersion = "Xcode 12.0";
			developmentRegion = en;
			hasScannedForEncodings = 0;
			knownRegions = (
				en,
				Base,
			);
			mainGroup = 83CBB9F61A601CBA00E9B192;
			productRefGroup = 83CBBA001A601CBA00E9B192 /* Products */;
			projectDirPath = "";
			projectRoot = "";
			targets = (
				13B07F861A680F5B00A75B9A /* VardaDienas */,
				76ABB0772DFDB9FF00B3C547 /* VardaDienasWidgetExtension */,
			);
		};
/* End PBXProject section */

/* Begin PBXResourcesBuildPhase section */
		13B07F8E1A680F5B00A75B9A /* Resources */ = {
			isa = PBXResourcesBuildPhase;
			buildActionMask = 2147483647;
			files = (
				81AB9BB82411601600AC10FF /* LaunchScreen.storyboard in Resources */,
				76ABB0732DF5865D00B3C547 /* Images.xcassets in Resources */,
				13B07FBF1A68108700A75B9A /* Images.xcassets in Resources */,
				9A20253F80DB84AC298693E3 /* PrivacyInfo.xcprivacy in Resources */,
				678BEF9D68714578A0A525B3 /* PlusJakartaSans-Bold.ttf in Resources */,
				72707288657E44759D54B8F1 /* PlusJakartaSans-BoldItalic.ttf in Resources */,
				BB7DA88682964090A7BC3143 /* PlusJakartaSans-ExtraBold.ttf in Resources */,
				E7E9598B3CA846C3947C82AC /* PlusJakartaSans-ExtraBoldItalic.ttf in Resources */,
				BF9AD7B294B949E0B48B5031 /* PlusJakartaSans-ExtraLight.ttf in Resources */,
				FB3093176CE6452C9497AAEB /* PlusJakartaSans-ExtraLightItalic.ttf in Resources */,
				05ECD0A922234B2B84CB00CE /* PlusJakartaSans-Italic.ttf in Resources */,
				755712E28C3642548AED97BA /* PlusJakartaSans-Light.ttf in Resources */,
				881EABF40BA645C9B8E53A5D /* PlusJakartaSans-LightItalic.ttf in Resources */,
				2DD404AAF6A845749AFBB143 /* PlusJakartaSans-Medium.ttf in Resources */,
				3960C7A3CCD74AEAB0225F2F /* PlusJakartaSans-MediumItalic.ttf in Resources */,
				C9A3F9533CBB43F9971DADA4 /* PlusJakartaSans-Regular.ttf in Resources */,
				6C5FF5F3CAD747AB9D7CC8D9 /* PlusJakartaSans-SemiBold.ttf in Resources */,
				90DE9B251F3E4B99B1ED5B6A /* PlusJakartaSans-SemiBoldItalic.ttf in Resources */,
				A9D178E8EF2040F18114589B /* BootSplash.storyboard in Resources */,
				5AA2533D8E9F4D019918C4B4 /* Colors.xcassets in Resources */,
			);
			runOnlyForDeploymentPostprocessing = 0;
		};
		76ABB0762DFDB9FF00B3C547 /* Resources */ = {
			isa = PBXResourcesBuildPhase;
			buildActionMask = 2147483647;
			files = (
				76A184B22DFE111400532B5B /* PlusJakartaSans-SemiBold.ttf in Resources */,
				76A184B32DFE111400532B5B /* PlusJakartaSans-MediumItalic.ttf in Resources */,
				76A184B42DFE111400532B5B /* PlusJakartaSans-ExtraLightItalic.ttf in Resources */,
				76A184B52DFE111400532B5B /* PlusJakartaSans-Light.ttf in Resources */,
				76A184B62DFE111400532B5B /* PlusJakartaSans-ExtraLight.ttf in Resources */,
				76A184B72DFE111400532B5B /* PlusJakartaSans-LightItalic.ttf in Resources */,
				76A184B82DFE111400532B5B /* PlusJakartaSans-BoldItalic.ttf in Resources */,
				76A184B92DFE111400532B5B /* PlusJakartaSans-Italic.ttf in Resources */,
				76A184BA2DFE111400532B5B /* PlusJakartaSans-Bold.ttf in Resources */,
				76A184BB2DFE111400532B5B /* PlusJakartaSans-ExtraBoldItalic.ttf in Resources */,
				76A184BC2DFE111400532B5B /* PlusJakartaSans-ExtraBold.ttf in Resources */,
				76A184BD2DFE111400532B5B /* PlusJakartaSans-SemiBoldItalic.ttf in Resources */,
				76A184BE2DFE111400532B5B /* PlusJakartaSans-Medium.ttf in Resources */,
				76A184BF2DFE111400532B5B /* PlusJakartaSans-Regular.ttf in Resources */,
			);
			runOnlyForDeploymentPostprocessing = 0;
		};
/* End PBXResourcesBuildPhase section */

/* Begin PBXShellScriptBuildPhase section */
		00DD1BFF1BD5951E006B06BC /* Bundle React Native code and images */ = {
			isa = PBXShellScriptBuildPhase;
			buildActionMask = 2147483647;
			files = (
			);
			inputPaths = (
				"$(SRCROOT)/.xcode.env.local",
				"$(SRCROOT)/.xcode.env",
			);
			name = "Bundle React Native code and images";
			outputPaths = (
			);
			runOnlyForDeploymentPostprocessing = 0;
			shellPath = /bin/sh;
			shellScript = "set -e\n\nWITH_ENVIRONMENT=\"$REACT_NATIVE_PATH/scripts/xcode/with-environment.sh\"\nREACT_NATIVE_XCODE=\"$REACT_NATIVE_PATH/scripts/react-native-xcode.sh\"\n\n/bin/sh -c \"$WITH_ENVIRONMENT \\\"/bin/sh ../node_modules/@sentry/react-native/scripts/sentry-xcode.sh $REACT_NATIVE_XCODE\\\"\"\n";
		};
		00EEFC60759A1932668264C0 /* [CP] Embed Pods Frameworks */ = {
			isa = PBXShellScriptBuildPhase;
			buildActionMask = 2147483647;
			files = (
			);
			inputFileListPaths = (
				"${PODS_ROOT}/Target Support Files/Pods-VardaDienas/Pods-VardaDienas-frameworks-${CONFIGURATION}-input-files.xcfilelist",
			);
			name = "[CP] Embed Pods Frameworks";
			outputFileListPaths = (
				"${PODS_ROOT}/Target Support Files/Pods-VardaDienas/Pods-VardaDienas-frameworks-${CONFIGURATION}-output-files.xcfilelist",
			);
			runOnlyForDeploymentPostprocessing = 0;
			shellPath = /bin/sh;
			shellScript = "\"${PODS_ROOT}/Target Support Files/Pods-VardaDienas/Pods-VardaDienas-frameworks.sh\"\n";
			showEnvVarsInLog = 0;
		};
		2C143E6FB43E49A183EC7653 /* Upload Debug Symbols to Sentry */ = {
			isa = PBXShellScriptBuildPhase;
			buildActionMask = 2147483647;
			files = (
			);
			inputPaths = (
			);
			name = "Upload Debug Symbols to Sentry";
			outputPaths = (
			);
			runOnlyForDeploymentPostprocessing = 0;
			shellPath = /bin/sh;
			shellScript = "/bin/sh ../node_modules/@sentry/react-native/scripts/sentry-xcode-debug-files.sh";
		};
		C38B50BA6285516D6DCD4F65 /* [CP] Check Pods Manifest.lock */ = {
			isa = PBXShellScriptBuildPhase;
			buildActionMask = 2147483647;
			files = (
			);
			inputFileListPaths = (
			);
			inputPaths = (
				"${PODS_PODFILE_DIR_PATH}/Podfile.lock",
				"${PODS_ROOT}/Manifest.lock",
			);
			name = "[CP] Check Pods Manifest.lock";
			outputFileListPaths = (
			);
			outputPaths = (
				"$(DERIVED_FILE_DIR)/Pods-VardaDienas-checkManifestLockResult.txt",
			);
			runOnlyForDeploymentPostprocessing = 0;
			shellPath = /bin/sh;
			shellScript = "diff \"${PODS_PODFILE_DIR_PATH}/Podfile.lock\" \"${PODS_ROOT}/Manifest.lock\" > /dev/null\nif [ $? != 0 ] ; then\n    # print error to STDERR\n    echo \"error: The sandbox is not in sync with the Podfile.lock. Run 'pod install' or update your CocoaPods installation.\" >&2\n    exit 1\nfi\n# This output is used by Xcode 'outputs' to avoid re-running this script phase.\necho \"SUCCESS\" > \"${SCRIPT_OUTPUT_FILE_0}\"\n";
			showEnvVarsInLog = 0;
		};
		E235C05ADACE081382539298 /* [CP] Copy Pods Resources */ = {
			isa = PBXShellScriptBuildPhase;
			buildActionMask = 2147483647;
			files = (
			);
			inputFileListPaths = (
				"${PODS_ROOT}/Target Support Files/Pods-VardaDienas/Pods-VardaDienas-resources-${CONFIGURATION}-input-files.xcfilelist",
			);
			name = "[CP] Copy Pods Resources";
			outputFileListPaths = (
				"${PODS_ROOT}/Target Support Files/Pods-VardaDienas/Pods-VardaDienas-resources-${CONFIGURATION}-output-files.xcfilelist",
			);
			runOnlyForDeploymentPostprocessing = 0;
			shellPath = /bin/sh;
			shellScript = "\"${PODS_ROOT}/Target Support Files/Pods-VardaDienas/Pods-VardaDienas-resources.sh\"\n";
			showEnvVarsInLog = 0;
		};
/* End PBXShellScriptBuildPhase section */

/* Begin PBXSourcesBuildPhase section */
		13B07F871A680F5B00A75B9A /* Sources */ = {
			isa = PBXSourcesBuildPhase;
			buildActionMask = 2147483647;
			files = (
				761780ED2CA45674006654EE /* AppDelegate.swift in Sources */,
			);
			runOnlyForDeploymentPostprocessing = 0;
		};
		76ABB0742DFDB9FF00B3C547 /* Sources */ = {
			isa = PBXSourcesBuildPhase;
			buildActionMask = 2147483647;
			files = (
			);
			runOnlyForDeploymentPostprocessing = 0;
		};
/* End PBXSourcesBuildPhase section */

/* Begin PBXTargetDependency section */
		76ABB0882DFDBA0200B3C547 /* PBXTargetDependency */ = {
			isa = PBXTargetDependency;
			target = 76ABB0772DFDB9FF00B3C547 /* VardaDienasWidgetExtension */;
			targetProxy = 76ABB0872DFDBA0200B3C547 /* PBXContainerItemProxy */;
		};
/* End PBXTargetDependency section */

/* Begin XCBuildConfiguration section */
		13B07F941A680F5B00A75B9A /* Debug */ = {
			isa = XCBuildConfiguration;
			baseConfigurationReference = 3B4392A12AC88292D35C810B /* Pods-VardaDienas.debug.xcconfig */;
			buildSettings = {
				ASSETCATALOG_COMPILER_APPICON_NAME = AppIcon;
				CLANG_ENABLE_MODULES = YES;
				CURRENT_PROJECT_VERSION = 5;
				DEVELOPMENT_TEAM = 95P8RUD7QB;
				ENABLE_BITCODE = NO;
				INFOPLIST_FILE = VardaDienas/Info.plist;
				IPHONEOS_DEPLOYMENT_TARGET = 15.1;
				LD_RUNPATH_SEARCH_PATHS = (
					"$(inherited)",
					"@executable_path/Frameworks",
				);
				MARKETING_VERSION = 1.4.2;
				OTHER_LDFLAGS = (
					"$(inherited)",
					"-ObjC",
					"-lc++",
				);
				PRODUCT_BUNDLE_IDENTIFIER = com.nialldbarber.vardadienas;
				PRODUCT_NAME = VardaDienas;
				SWIFT_OPTIMIZATION_LEVEL = "-Onone";
				SWIFT_VERSION = 5.0;
				VERSIONING_SYSTEM = "apple-generic";
			};
			name = Debug;
		};
		13B07F951A680F5B00A75B9A /* Release */ = {
			isa = XCBuildConfiguration;
			baseConfigurationReference = 5709B34CF0A7D63546082F79 /* Pods-VardaDienas.release.xcconfig */;
			buildSettings = {
				ASSETCATALOG_COMPILER_APPICON_NAME = AppIcon;
				CLANG_ENABLE_MODULES = YES;
				CURRENT_PROJECT_VERSION = 5;
				DEVELOPMENT_TEAM = 95P8RUD7QB;
				INFOPLIST_FILE = VardaDienas/Info.plist;
				IPHONEOS_DEPLOYMENT_TARGET = 15.1;
				LD_RUNPATH_SEARCH_PATHS = (
					"$(inherited)",
					"@executable_path/Frameworks",
				);
				MARKETING_VERSION = 1.4.2;
				OTHER_LDFLAGS = (
					"$(inherited)",
					"-ObjC",
					"-lc++",
				);
				PRODUCT_BUNDLE_IDENTIFIER = com.nialldbarber.vardadienas;
				PRODUCT_NAME = VardaDienas;
				SWIFT_VERSION = 5.0;
				VERSIONING_SYSTEM = "apple-generic";
			};
			name = Release;
		};
		76ABB08B2DFDBA0200B3C547 /* Debug */ = {
			isa = XCBuildConfiguration;
			buildSettings = {
				ASSETCATALOG_COMPILER_GENERATE_SWIFT_ASSET_SYMBOL_EXTENSIONS = YES;
				ASSETCATALOG_COMPILER_GLOBAL_ACCENT_COLOR_NAME = AccentColor;
				ASSETCATALOG_COMPILER_WIDGET_BACKGROUND_COLOR_NAME = WidgetBackground;
				CLANG_ANALYZER_NONNULL = YES;
				CLANG_ANALYZER_NUMBER_OBJECT_CONVERSION = YES_AGGRESSIVE;
				CLANG_CXX_LANGUAGE_STANDARD = "gnu++20";
				CLANG_ENABLE_OBJC_WEAK = YES;
				CLANG_WARN_DOCUMENTATION_COMMENTS = YES;
				CLANG_WARN_UNGUARDED_AVAILABILITY = YES_AGGRESSIVE;
				CODE_SIGN_STYLE = Automatic;
				CURRENT_PROJECT_VERSION = 5;
				DEBUG_INFORMATION_FORMAT = dwarf;
				DEVELOPMENT_TEAM = 95P8RUD7QB;
				ENABLE_USER_SCRIPT_SANDBOXING = YES;
				GCC_C_LANGUAGE_STANDARD = gnu17;
				GENERATE_INFOPLIST_FILE = YES;
				INFOPLIST_FILE = VardaDienasWidget/Info.plist;
				INFOPLIST_KEY_CFBundleDisplayName = VardaDienasWidget;
				INFOPLIST_KEY_NSHumanReadableCopyright = "";
				IPHONEOS_DEPLOYMENT_TARGET = 18.1;
				LD_RUNPATH_SEARCH_PATHS = (
					"$(inherited)",
					"@executable_path/Frameworks",
					"@executable_path/../../Frameworks",
				);
				LOCALIZATION_PREFERS_STRING_CATALOGS = YES;
				MARKETING_VERSION = 1.4.2;
				MTL_ENABLE_DEBUG_INFO = INCLUDE_SOURCE;
				MTL_FAST_MATH = YES;
				PRODUCT_BUNDLE_IDENTIFIER = com.nialldbarber.vardadienas.VardaDienasWidget;
				PRODUCT_NAME = "$(TARGET_NAME)";
				SKIP_INSTALL = YES;
				SWIFT_ACTIVE_COMPILATION_CONDITIONS = "DEBUG $(inherited)";
				SWIFT_EMIT_LOC_STRINGS = YES;
				SWIFT_OPTIMIZATION_LEVEL = "-Onone";
				SWIFT_VERSION = 5.0;
				TARGETED_DEVICE_FAMILY = "1,2";
			};
			name = Debug;
		};
		76ABB08C2DFDBA0200B3C547 /* Release */ = {
			isa = XCBuildConfiguration;
			baseConfigurationReference = 5709B34CF0A7D63546082F79 /* Pods-VardaDienas.release.xcconfig */;
			buildSettings = {
				ASSETCATALOG_COMPILER_GENERATE_SWIFT_ASSET_SYMBOL_EXTENSIONS = YES;
				ASSETCATALOG_COMPILER_GLOBAL_ACCENT_COLOR_NAME = AccentColor;
				ASSETCATALOG_COMPILER_WIDGET_BACKGROUND_COLOR_NAME = WidgetBackground;
				CLANG_ANALYZER_NONNULL = YES;
				CLANG_ANALYZER_NUMBER_OBJECT_CONVERSION = YES_AGGRESSIVE;
				CLANG_CXX_LANGUAGE_STANDARD = "gnu++20";
				CLANG_ENABLE_OBJC_WEAK = YES;
				CLANG_WARN_DOCUMENTATION_COMMENTS = YES;
				CLANG_WARN_UNGUARDED_AVAILABILITY = YES_AGGRESSIVE;
				CODE_SIGN_STYLE = Automatic;
				COPY_PHASE_STRIP = NO;
				CURRENT_PROJECT_VERSION = 5;
				DEBUG_INFORMATION_FORMAT = "dwarf-with-dsym";
				DEVELOPMENT_TEAM = 95P8RUD7QB;
				ENABLE_USER_SCRIPT_SANDBOXING = YES;
				GCC_C_LANGUAGE_STANDARD = gnu17;
				GENERATE_INFOPLIST_FILE = YES;
				INFOPLIST_FILE = VardaDienasWidget/Info.plist;
				INFOPLIST_KEY_CFBundleDisplayName = VardaDienasWidget;
				INFOPLIST_KEY_NSHumanReadableCopyright = "";
				IPHONEOS_DEPLOYMENT_TARGET = 18.1;
				LD_RUNPATH_SEARCH_PATHS = (
					"$(inherited)",
					"@executable_path/Frameworks",
					"@executable_path/../../Frameworks",
				);
				LOCALIZATION_PREFERS_STRING_CATALOGS = YES;
				MARKETING_VERSION = 1.4.2;
				MTL_FAST_MATH = YES;
				PRODUCT_BUNDLE_IDENTIFIER = com.nialldbarber.vardadienas.VardaDienasWidget;
				PRODUCT_NAME = "$(TARGET_NAME)";
				SKIP_INSTALL = YES;
				SWIFT_COMPILATION_MODE = wholemodule;
				SWIFT_EMIT_LOC_STRINGS = YES;
				SWIFT_VERSION = 5.0;
				TARGETED_DEVICE_FAMILY = "1,2";
			};
			name = Release;
		};
		83CBBA201A601CBA00E9B192 /* Debug */ = {
			isa = XCBuildConfiguration;
			buildSettings = {
				ALWAYS_SEARCH_USER_PATHS = NO;
				CLANG_ANALYZER_LOCALIZABILITY_NONLOCALIZED = YES;
				CLANG_CXX_LANGUAGE_STANDARD = "c++20";
				CLANG_CXX_LIBRARY = "libc++";
				CLANG_ENABLE_MODULES = YES;
				CLANG_ENABLE_OBJC_ARC = YES;
				CLANG_WARN_BLOCK_CAPTURE_AUTORELEASING = YES;
				CLANG_WARN_BOOL_CONVERSION = YES;
				CLANG_WARN_COMMA = YES;
				CLANG_WARN_CONSTANT_CONVERSION = YES;
				CLANG_WARN_DEPRECATED_OBJC_IMPLEMENTATIONS = YES;
				CLANG_WARN_DIRECT_OBJC_ISA_USAGE = YES_ERROR;
				CLANG_WARN_EMPTY_BODY = YES;
				CLANG_WARN_ENUM_CONVERSION = YES;
				CLANG_WARN_INFINITE_RECURSION = YES;
				CLANG_WARN_INT_CONVERSION = YES;
				CLANG_WARN_NON_LITERAL_NULL_CONVERSION = YES;
				CLANG_WARN_OBJC_IMPLICIT_RETAIN_SELF = YES;
				CLANG_WARN_OBJC_LITERAL_CONVERSION = YES;
				CLANG_WARN_OBJC_ROOT_CLASS = YES_ERROR;
				CLANG_WARN_QUOTED_INCLUDE_IN_FRAMEWORK_HEADER = YES;
				CLANG_WARN_RANGE_LOOP_ANALYSIS = YES;
				CLANG_WARN_STRICT_PROTOTYPES = YES;
				CLANG_WARN_SUSPICIOUS_MOVE = YES;
				CLANG_WARN_UNREACHABLE_CODE = YES;
				CLANG_WARN__DUPLICATE_METHOD_MATCH = YES;
				"CODE_SIGN_IDENTITY[sdk=iphoneos*]" = "iPhone Developer";
				COPY_PHASE_STRIP = NO;
				ENABLE_STRICT_OBJC_MSGSEND = YES;
				ENABLE_TESTABILITY = YES;
				"EXCLUDED_ARCHS[sdk=iphonesimulator*]" = "";
				GCC_C_LANGUAGE_STANDARD = gnu99;
				GCC_DYNAMIC_NO_PIC = NO;
				GCC_NO_COMMON_BLOCKS = YES;
				GCC_OPTIMIZATION_LEVEL = 0;
				GCC_PREPROCESSOR_DEFINITIONS = (
					"DEBUG=1",
					"$(inherited)",
				);
				GCC_SYMBOLS_PRIVATE_EXTERN = NO;
				GCC_WARN_64_TO_32_BIT_CONVERSION = YES;
				GCC_WARN_ABOUT_RETURN_TYPE = YES_ERROR;
				GCC_WARN_UNDECLARED_SELECTOR = YES;
				GCC_WARN_UNINITIALIZED_AUTOS = YES_AGGRESSIVE;
				GCC_WARN_UNUSED_FUNCTION = YES;
				GCC_WARN_UNUSED_VARIABLE = YES;
				IPHONEOS_DEPLOYMENT_TARGET = 15.1;
				LD_RUNPATH_SEARCH_PATHS = (
					/usr/lib/swift,
					"$(inherited)",
				);
				LIBRARY_SEARCH_PATHS = (
					"\"$(SDKROOT)/usr/lib/swift\"",
					"\"$(TOOLCHAIN_DIR)/usr/lib/swift/$(PLATFORM_NAME)\"",
					"\"$(inherited)\"",
				);
				MTL_ENABLE_DEBUG_INFO = YES;
				ONLY_ACTIVE_ARCH = YES;
				OTHER_CPLUSPLUSFLAGS = (
					"$(OTHER_CFLAGS)",
					"-DFOLLY_NO_CONFIG",
					"-DFOLLY_MOBILE=1",
					"-DFOLLY_USE_LIBCPP=1",
					"-DFOLLY_CFG_NO_COROUTINES=1",
					"-DFOLLY_HAVE_CLOCK_GETTIME=1",
				);
				OTHER_LDFLAGS = (
					"$(inherited)",
					" ",
				);
				REACT_NATIVE_PATH = "${PODS_ROOT}/../../node_modules/react-native";
				SDKROOT = iphoneos;
				SWIFT_ACTIVE_COMPILATION_CONDITIONS = "$(inherited) DEBUG";
				USE_HERMES = true;
			};
			name = Debug;
		};
		83CBBA211A601CBA00E9B192 /* Release */ = {
			isa = XCBuildConfiguration;
			buildSettings = {
				ALWAYS_SEARCH_USER_PATHS = NO;
				CLANG_ANALYZER_LOCALIZABILITY_NONLOCALIZED = YES;
				CLANG_CXX_LANGUAGE_STANDARD = "c++20";
				CLANG_CXX_LIBRARY = "libc++";
				CLANG_ENABLE_MODULES = YES;
				CLANG_ENABLE_OBJC_ARC = YES;
				CLANG_WARN_BLOCK_CAPTURE_AUTORELEASING = YES;
				CLANG_WARN_BOOL_CONVERSION = YES;
				CLANG_WARN_COMMA = YES;
				CLANG_WARN_CONSTANT_CONVERSION = YES;
				CLANG_WARN_DEPRECATED_OBJC_IMPLEMENTATIONS = YES;
				CLANG_WARN_DIRECT_OBJC_ISA_USAGE = YES_ERROR;
				CLANG_WARN_EMPTY_BODY = YES;
				CLANG_WARN_ENUM_CONVERSION = YES;
				CLANG_WARN_INFINITE_RECURSION = YES;
				CLANG_WARN_INT_CONVERSION = YES;
				CLANG_WARN_NON_LITERAL_NULL_CONVERSION = YES;
				CLANG_WARN_OBJC_IMPLICIT_RETAIN_SELF = YES;
				CLANG_WARN_OBJC_LITERAL_CONVERSION = YES;
				CLANG_WARN_OBJC_ROOT_CLASS = YES_ERROR;
				CLANG_WARN_QUOTED_INCLUDE_IN_FRAMEWORK_HEADER = YES;
				CLANG_WARN_RANGE_LOOP_ANALYSIS = YES;
				CLANG_WARN_STRICT_PROTOTYPES = YES;
				CLANG_WARN_SUSPICIOUS_MOVE = YES;
				CLANG_WARN_UNREACHABLE_CODE = YES;
				CLANG_WARN__DUPLICATE_METHOD_MATCH = YES;
				"CODE_SIGN_IDENTITY[sdk=iphoneos*]" = "iPhone Developer";
				COPY_PHASE_STRIP = YES;
				ENABLE_NS_ASSERTIONS = NO;
				ENABLE_STRICT_OBJC_MSGSEND = YES;
				"EXCLUDED_ARCHS[sdk=iphonesimulator*]" = "";
				GCC_C_LANGUAGE_STANDARD = gnu99;
				GCC_NO_COMMON_BLOCKS = YES;
				GCC_WARN_64_TO_32_BIT_CONVERSION = YES;
				GCC_WARN_ABOUT_RETURN_TYPE = YES_ERROR;
				GCC_WARN_UNDECLARED_SELECTOR = YES;
				GCC_WARN_UNINITIALIZED_AUTOS = YES_AGGRESSIVE;
				GCC_WARN_UNUSED_FUNCTION = YES;
				GCC_WARN_UNUSED_VARIABLE = YES;
				IPHONEOS_DEPLOYMENT_TARGET = 15.1;
				LD_RUNPATH_SEARCH_PATHS = (
					/usr/lib/swift,
					"$(inherited)",
				);
				LIBRARY_SEARCH_PATHS = (
					"\"$(SDKROOT)/usr/lib/swift\"",
					"\"$(TOOLCHAIN_DIR)/usr/lib/swift/$(PLATFORM_NAME)\"",
					"\"$(inherited)\"",
				);
				MTL_ENABLE_DEBUG_INFO = NO;
				OTHER_CPLUSPLUSFLAGS = (
					"$(OTHER_CFLAGS)",
					"-DFOLLY_NO_CONFIG",
					"-DFOLLY_MOBILE=1",
					"-DFOLLY_USE_LIBCPP=1",
					"-DFOLLY_CFG_NO_COROUTINES=1",
					"-DFOLLY_HAVE_CLOCK_GETTIME=1",
				);
				OTHER_LDFLAGS = (
					"$(inherited)",
					" ",
				);
				REACT_NATIVE_PATH = "${PODS_ROOT}/../../node_modules/react-native";
				SDKROOT = iphoneos;
				USE_HERMES = true;
				VALIDATE_PRODUCT = YES;
			};
			name = Release;
		};
/* End XCBuildConfiguration section */

/* Begin XCConfigurationList section */
		13B07F931A680F5B00A75B9A /* Build configuration list for PBXNativeTarget "VardaDienas" */ = {
			isa = XCConfigurationList;
			buildConfigurations = (
				13B07F941A680F5B00A75B9A /* Debug */,
				13B07F951A680F5B00A75B9A /* Release */,
			);
			defaultConfigurationIsVisible = 0;
			defaultConfigurationName = Release;
		};
		76ABB08E2DFDBA0200B3C547 /* Build configuration list for PBXNativeTarget "VardaDienasWidgetExtension" */ = {
			isa = XCConfigurationList;
			buildConfigurations = (
				76ABB08B2DFDBA0200B3C547 /* Debug */,
				76ABB08C2DFDBA0200B3C547 /* Release */,
			);
			defaultConfigurationIsVisible = 0;
			defaultConfigurationName = Release;
		};
		83CBB9FA1A601CBA00E9B192 /* Build configuration list for PBXProject "VardaDienas" */ = {
			isa = XCConfigurationList;
			buildConfigurations = (
				83CBBA201A601CBA00E9B192 /* Debug */,
				83CBBA211A601CBA00E9B192 /* Release */,
			);
			defaultConfigurationIsVisible = 0;
			defaultConfigurationName = Release;
		};
/* End XCConfigurationList section */
	};
	rootObject = 83CBB9F71A601CBA00E9B192 /* Project object */;
}
